
Microsoft Visual Studio Solution File, Format Version 12.00
# Visual Studio 14
VisualStudioVersion = 14.0.25420.1
MinimumVisualStudioVersion = 10.0.40219.1
Project("{FAE04EC0-301F-11D3-BF4B-00C04F79EFBC}") = "WinFormsGameOfLife", "WindowsFormsGameOfLive\WinFormsGameOfLife.csproj", "{6F6F5BC9-24A2-4CB3-86F1-80EAB36C68D5}"
EndProject
Project("{FAE04EC0-301F-11D3-BF4B-00C04F79EFBC}") = "WpfGameOfLife", "WpfGameOfLife\WpfGameOfLife.csproj", "{3063C26D-8E16-406A-85B4-019E6EBD5014}"
EndProject
Project("{FAE04EC0-301F-11D3-BF4B-00C04F79EFBC}") = "GameModel", "GameModel\GameModel.csproj", "{ED5A5DD5-C194-4461-91F3-AA8AC3820EF2}"
EndProject
Project("{FAE04EC0-301F-11D3-BF4B-00C04F79EFBC}") = "GuiHelper", "GuiHelper\GuiHelper.csproj", "{F62D96FB-7675-4E42-BA3A-9D31614251B4}"
EndProject
Global
	GlobalSection(SolutionConfigurationPlatforms) = preSolution
		Debug|Any CPU = Debug|Any CPU
		Debug|x64 = Debug|x64
		Release|Any CPU = Release|Any CPU
		Release|x64 = Release|x64
	EndGlobalSection
	GlobalSection(ProjectConfigurationPlatforms) = postSolution
		{6F6F5BC9-24A2-4CB3-86F1-80EAB36C68D5}.Debug|Any CPU.ActiveCfg = Debug|Any CPU
		{6F6F5BC9-24A2-4CB3-86F1-80EAB36C68D5}.Debug|Any CPU.Build.0 = Debug|Any CPU
		{6F6F5BC9-24A2-4CB3-86F1-80EAB36C68D5}.Debug|x64.ActiveCfg = Debug|x64
		{6F6F5BC9-24A2-4CB3-86F1-80EAB36C68D5}.Debug|x64.Build.0 = Debug|x64
		{6F6F5BC9-24A2-4CB3-86F1-80EAB36C68D5}.Release|Any CPU.ActiveCfg = Release|Any CPU
		{6F6F5BC9-24A2-4CB3-86F1-80EAB36C68D5}.Release|Any CPU.Build.0 = Release|Any CPU
		{6F6F5BC9-24A2-4CB3-86F1-80EAB36C68D5}.Release|x64.ActiveCfg = Release|x64
		{6F6F5BC9-24A2-4CB3-86F1-80EAB36C68D5}.Release|x64.Build.0 = Release|x64
		{3063C26D-8E16-406A-85B4-019E6EBD5014}.Debug|Any CPU.ActiveCfg = Debug|Any CPU
		{3063C26D-8E16-406A-85B4-019E6EBD5014}.Debug|Any CPU.Build.0 = Debug|Any CPU
		{3063C26D-8E16-406A-85B4-019E6EBD5014}.Debug|x64.ActiveCfg = Debug|Any CPU
		{3063C26D-8E16-406A-85B4-019E6EBD5014}.Debug|x64.Build.0 = Debug|Any CPU
		{3063C26D-8E16-406A-85B4-019E6EBD5014}.Release|Any CPU.ActiveCfg = Release|Any CPU
		{3063C26D-8E16-406A-85B4-019E6EBD5014}.Release|Any CPU.Build.0 = Release|Any CPU
		{3063C26D-8E16-406A-85B4-019E6EBD5014}.Release|x64.ActiveCfg = Release|Any CPU
		{3063C26D-8E16-406A-85B4-019E6EBD5014}.Release|x64.Build.0 = Release|Any CPU
		{ED5A5DD5-C194-4461-91F3-AA8AC3820EF2}.Debug|Any CPU.ActiveCfg = Debug|Any CPU
		{ED5A5DD5-C194-4461-91F3-AA8AC3820EF2}.Debug|Any CPU.Build.0 = Debug|Any CPU
		{ED5A5DD5-C194-4461-91F3-AA8AC3820EF2}.Debug|x64.ActiveCfg = Debug|Any CPU
		{ED5A5DD5-C194-4461-91F3-AA8AC3820EF2}.Debug|x64.Build.0 = Debug|Any CPU
		{ED5A5DD5-C194-4461-91F3-AA8AC3820EF2}.Release|Any CPU.ActiveCfg = Release|Any CPU
		{ED5A5DD5-C194-4461-91F3-AA8AC3820EF2}.Release|Any CPU.Build.0 = Release|Any CPU
		{ED5A5DD5-C194-4461-91F3-AA8AC3820EF2}.Release|x64.ActiveCfg = Release|Any CPU
		{ED5A5DD5-C194-4461-91F3-AA8AC3820EF2}.Release|x64.Build.0 = Release|Any CPU
		{F62D96FB-7675-4E42-BA3A-9D31614251B4}.Debug|Any CPU.ActiveCfg = Debug|Any CPU
		{F62D96FB-7675-4E42-BA3A-9D31614251B4}.Debug|Any CPU.Build.0 = Debug|Any CPU
		{F62D96FB-7675-4E42-BA3A-9D31614251B4}.Debug|x64.ActiveCfg = Debug|Any CPU
		{F62D96FB-7675-4E42-BA3A-9D31614251B4}.Debug|x64.Build.0 = Debug|Any CPU
		{F62D96FB-7675-4E42-BA3A-9D31614251B4}.Release|Any CPU.ActiveCfg = Release|Any CPU
		{F62D96FB-7675-4E42-BA3A-9D31614251B4}.Release|Any CPU.Build.0 = Release|Any CPU
		{F62D96FB-7675-4E42-BA3A-9D31614251B4}.Release|x64.ActiveCfg = Release|Any CPU
		{F62D96FB-7675-4E42-BA3A-9D31614251B4}.Release|x64.Build.0 = Release|Any CPU
	EndGlobalSection
	GlobalSection(SolutionProperties) = preSolution
		HideSolutionNode = FALSE
	EndGlobalSection
EndGlobal
